
Microsoft Visual Studio Solution File, Format Version 12.00
# Visual Studio Version 16
VisualStudioVersion = 25.0.1704.0
MinimumVisualStudioVersion = 10.0.40219.1
Project("{FAE04EC0-301F-11D3-BF4B-00C04F79EFBC}") = "PersonalWebsite", "PersonalWebsite.csproj", "{99686E8D-F39A-4BF6-BF30-3F52357DF8F6}"
EndProject
Global
	GlobalSection(SolutionConfigurationPlatforms) = preSolution
		Debug|Any CPU = Debug|Any CPU
		Release|Any CPU = Release|Any CPU
	EndGlobalSection
	GlobalSection(ProjectConfigurationPlatforms) = postSolution
		{99686E8D-F39A-4BF6-BF30-3F52357DF8F6}.Debug|Any CPU.ActiveCfg = Debug|Any CPU
		{99686E8D-F39A-4BF6-BF30-3F52357DF8F6}.Debug|Any CPU.Build.0 = Debug|Any CPU
		{99686E8D-F39A-4BF6-BF30-3F52357DF8F6}.Release|Any CPU.ActiveCfg = Release|Any CPU
		{99686E8D-F39A-4BF6-BF30-3F52357DF8F6}.Release|Any CPU.Build.0 = Release|Any CPU
	EndGlobalSection
	GlobalSection(SolutionProperties) = preSolution
		HideSolutionNode = FALSE
	EndGlobalSection
	GlobalSection(ExtensibilityGlobals) = postSolution
		SolutionGuid = {6A583B34-130D-40F4-982A-68DBB9A7C703}
	EndGlobalSection
EndGlobal
